
Microsoft Visual Studio Solution File, Format Version 12.00
# Visual Studio 15
VisualStudioVersion = 15.0.28010.2046
MinimumVisualStudioVersion = 10.0.40219.1
Project("{8BC9CEB8-8B4A-11D0-8D11-00A0C91BC942}") = "Ex04_12", "Ex04_12\Ex04_12.vcxproj", "{401A2688-C936-4157-882C-18BB97E5FB37}"
EndProject
Global
	GlobalSection(SolutionConfigurationPlatforms) = preSolution
		Debug|x64 = Debug|x64
		Debug|x86 = Debug|x86
		Release|x64 = Release|x64
		Release|x86 = Release|x86
	EndGlobalSection
	GlobalSection(ProjectConfigurationPlatforms) = postSolution
		{401A2688-C936-4157-882C-18BB97E5FB37}.Debug|x64.ActiveCfg = Debug|x64
		{401A2688-C936-4157-882C-18BB97E5FB37}.Debug|x64.Build.0 = Debug|x64
		{401A2688-C936-4157-882C-18BB97E5FB37}.Debug|x86.ActiveCfg = Debug|Win32
		{401A2688-C936-4157-882C-18BB97E5FB37}.Debug|x86.Build.0 = Debug|Win32
		{401A2688-C936-4157-882C-18BB97E5FB37}.Release|x64.ActiveCfg = Release|x64
		{401A2688-C936-4157-882C-18BB97E5FB37}.Release|x64.Build.0 = Release|x64
		{401A2688-C936-4157-882C-18BB97E5FB37}.Release|x86.ActiveCfg = Release|Win32
		{401A2688-C936-4157-882C-18BB97E5FB37}.Release|x86.Build.0 = Release|Win32
	EndGlobalSection
	GlobalSection(SolutionProperties) = preSolution
		HideSolutionNode = FALSE
	EndGlobalSection
	GlobalSection(ExtensibilityGlobals) = postSolution
		SolutionGuid = {573B1469-7F86-408C-A754-443189D1B52D}
	EndGlobalSection
EndGlobal
