
Microsoft Visual Studio Solution File, Format Version 12.00
# Visual Studio 15
VisualStudioVersion = 15.0.28010.2046
MinimumVisualStudioVersion = 10.0.40219.1
Project("{8BC9CEB8-8B4A-11D0-8D11-00A0C91BC942}") = "ex07_04", "ex07_04\ex07_04.vcxproj", "{5A289951-A605-4649-9BD1-DE4F307E8366}"
EndProject
Global
	GlobalSection(SolutionConfigurationPlatforms) = preSolution
		Debug|x64 = Debug|x64
		Debug|x86 = Debug|x86
		Release|x64 = Release|x64
		Release|x86 = Release|x86
	EndGlobalSection
	GlobalSection(ProjectConfigurationPlatforms) = postSolution
		{5A289951-A605-4649-9BD1-DE4F307E8366}.Debug|x64.ActiveCfg = Debug|x64
		{5A289951-A605-4649-9BD1-DE4F307E8366}.Debug|x64.Build.0 = Debug|x64
		{5A289951-A605-4649-9BD1-DE4F307E8366}.Debug|x86.ActiveCfg = Debug|Win32
		{5A289951-A605-4649-9BD1-DE4F307E8366}.Debug|x86.Build.0 = Debug|Win32
		{5A289951-A605-4649-9BD1-DE4F307E8366}.Release|x64.ActiveCfg = Release|x64
		{5A289951-A605-4649-9BD1-DE4F307E8366}.Release|x64.Build.0 = Release|x64
		{5A289951-A605-4649-9BD1-DE4F307E8366}.Release|x86.ActiveCfg = Release|Win32
		{5A289951-A605-4649-9BD1-DE4F307E8366}.Release|x86.Build.0 = Release|Win32
	EndGlobalSection
	GlobalSection(SolutionProperties) = preSolution
		HideSolutionNode = FALSE
	EndGlobalSection
	GlobalSection(ExtensibilityGlobals) = postSolution
		SolutionGuid = {65749C93-636E-4B8A-9FE0-048D367D3F8C}
	EndGlobalSection
EndGlobal
