
Microsoft Visual Studio Solution File, Format Version 12.00
# Visual Studio 15
VisualStudioVersion = 15.0.28010.2046
MinimumVisualStudioVersion = 10.0.40219.1
Project("{8BC9CEB8-8B4A-11D0-8D11-00A0C91BC942}") = "Ex02_03", "Ex02_03\Ex02_03.vcxproj", "{109A5A96-44C9-4521-9E55-EF0A48DEFB83}"
EndProject
Global
	GlobalSection(SolutionConfigurationPlatforms) = preSolution
		Debug|x64 = Debug|x64
		Debug|x86 = Debug|x86
		Release|x64 = Release|x64
		Release|x86 = Release|x86
	EndGlobalSection
	GlobalSection(ProjectConfigurationPlatforms) = postSolution
		{109A5A96-44C9-4521-9E55-EF0A48DEFB83}.Debug|x64.ActiveCfg = Debug|x64
		{109A5A96-44C9-4521-9E55-EF0A48DEFB83}.Debug|x64.Build.0 = Debug|x64
		{109A5A96-44C9-4521-9E55-EF0A48DEFB83}.Debug|x86.ActiveCfg = Debug|Win32
		{109A5A96-44C9-4521-9E55-EF0A48DEFB83}.Debug|x86.Build.0 = Debug|Win32
		{109A5A96-44C9-4521-9E55-EF0A48DEFB83}.Release|x64.ActiveCfg = Release|x64
		{109A5A96-44C9-4521-9E55-EF0A48DEFB83}.Release|x64.Build.0 = Release|x64
		{109A5A96-44C9-4521-9E55-EF0A48DEFB83}.Release|x86.ActiveCfg = Release|Win32
		{109A5A96-44C9-4521-9E55-EF0A48DEFB83}.Release|x86.Build.0 = Release|Win32
	EndGlobalSection
	GlobalSection(SolutionProperties) = preSolution
		HideSolutionNode = FALSE
	EndGlobalSection
	GlobalSection(ExtensibilityGlobals) = postSolution
		SolutionGuid = {8752B33E-47DE-4558-A375-5EDA4566FF0F}
	EndGlobalSection
EndGlobal
