
Microsoft Visual Studio Solution File, Format Version 12.00
# Visual Studio 15
VisualStudioVersion = 15.0.28010.2046
MinimumVisualStudioVersion = 10.0.40219.1
Project("{8BC9CEB8-8B4A-11D0-8D11-00A0C91BC942}") = "ex10_07", "ex10_07\ex10_07.vcxproj", "{FFDE38E9-1517-4900-96BA-235D15556849}"
EndProject
Global
	GlobalSection(SolutionConfigurationPlatforms) = preSolution
		Debug|x64 = Debug|x64
		Debug|x86 = Debug|x86
		Release|x64 = Release|x64
		Release|x86 = Release|x86
	EndGlobalSection
	GlobalSection(ProjectConfigurationPlatforms) = postSolution
		{FFDE38E9-1517-4900-96BA-235D15556849}.Debug|x64.ActiveCfg = Debug|x64
		{FFDE38E9-1517-4900-96BA-235D15556849}.Debug|x64.Build.0 = Debug|x64
		{FFDE38E9-1517-4900-96BA-235D15556849}.Debug|x86.ActiveCfg = Debug|Win32
		{FFDE38E9-1517-4900-96BA-235D15556849}.Debug|x86.Build.0 = Debug|Win32
		{FFDE38E9-1517-4900-96BA-235D15556849}.Release|x64.ActiveCfg = Release|x64
		{FFDE38E9-1517-4900-96BA-235D15556849}.Release|x64.Build.0 = Release|x64
		{FFDE38E9-1517-4900-96BA-235D15556849}.Release|x86.ActiveCfg = Release|Win32
		{FFDE38E9-1517-4900-96BA-235D15556849}.Release|x86.Build.0 = Release|Win32
	EndGlobalSection
	GlobalSection(SolutionProperties) = preSolution
		HideSolutionNode = FALSE
	EndGlobalSection
	GlobalSection(ExtensibilityGlobals) = postSolution
		SolutionGuid = {BA365DBC-C212-4B3E-A8A6-FD5B91BC0F96}
	EndGlobalSection
EndGlobal
