
Microsoft Visual Studio Solution File, Format Version 12.00
# Visual Studio 15
VisualStudioVersion = 15.0.28010.2046
MinimumVisualStudioVersion = 10.0.40219.1
Project("{8BC9CEB8-8B4A-11D0-8D11-00A0C91BC942}") = "ex07_07", "ex07_07\ex07_07.vcxproj", "{ECC044BD-3026-484F-B649-E8BFDE5B5BDB}"
EndProject
Global
	GlobalSection(SolutionConfigurationPlatforms) = preSolution
		Debug|x64 = Debug|x64
		Debug|x86 = Debug|x86
		Release|x64 = Release|x64
		Release|x86 = Release|x86
	EndGlobalSection
	GlobalSection(ProjectConfigurationPlatforms) = postSolution
		{ECC044BD-3026-484F-B649-E8BFDE5B5BDB}.Debug|x64.ActiveCfg = Debug|x64
		{ECC044BD-3026-484F-B649-E8BFDE5B5BDB}.Debug|x64.Build.0 = Debug|x64
		{ECC044BD-3026-484F-B649-E8BFDE5B5BDB}.Debug|x86.ActiveCfg = Debug|Win32
		{ECC044BD-3026-484F-B649-E8BFDE5B5BDB}.Debug|x86.Build.0 = Debug|Win32
		{ECC044BD-3026-484F-B649-E8BFDE5B5BDB}.Release|x64.ActiveCfg = Release|x64
		{ECC044BD-3026-484F-B649-E8BFDE5B5BDB}.Release|x64.Build.0 = Release|x64
		{ECC044BD-3026-484F-B649-E8BFDE5B5BDB}.Release|x86.ActiveCfg = Release|Win32
		{ECC044BD-3026-484F-B649-E8BFDE5B5BDB}.Release|x86.Build.0 = Release|Win32
	EndGlobalSection
	GlobalSection(SolutionProperties) = preSolution
		HideSolutionNode = FALSE
	EndGlobalSection
	GlobalSection(ExtensibilityGlobals) = postSolution
		SolutionGuid = {575B9617-D5D6-4267-9DD6-FA85C497776B}
	EndGlobalSection
EndGlobal
