
Microsoft Visual Studio Solution File, Format Version 12.00
# Visual Studio 15
VisualStudioVersion = 15.0.28010.2046
MinimumVisualStudioVersion = 10.0.40219.1
Project("{8BC9CEB8-8B4A-11D0-8D11-00A0C91BC942}") = "Ex05_02", "Ex05_02\Ex05_02.vcxproj", "{D1156278-829B-40E8-B3B4-9999C6891A17}"
EndProject
Global
	GlobalSection(SolutionConfigurationPlatforms) = preSolution
		Debug|x64 = Debug|x64
		Debug|x86 = Debug|x86
		Release|x64 = Release|x64
		Release|x86 = Release|x86
	EndGlobalSection
	GlobalSection(ProjectConfigurationPlatforms) = postSolution
		{D1156278-829B-40E8-B3B4-9999C6891A17}.Debug|x64.ActiveCfg = Debug|x64
		{D1156278-829B-40E8-B3B4-9999C6891A17}.Debug|x64.Build.0 = Debug|x64
		{D1156278-829B-40E8-B3B4-9999C6891A17}.Debug|x86.ActiveCfg = Debug|Win32
		{D1156278-829B-40E8-B3B4-9999C6891A17}.Debug|x86.Build.0 = Debug|Win32
		{D1156278-829B-40E8-B3B4-9999C6891A17}.Release|x64.ActiveCfg = Release|x64
		{D1156278-829B-40E8-B3B4-9999C6891A17}.Release|x64.Build.0 = Release|x64
		{D1156278-829B-40E8-B3B4-9999C6891A17}.Release|x86.ActiveCfg = Release|Win32
		{D1156278-829B-40E8-B3B4-9999C6891A17}.Release|x86.Build.0 = Release|Win32
	EndGlobalSection
	GlobalSection(SolutionProperties) = preSolution
		HideSolutionNode = FALSE
	EndGlobalSection
	GlobalSection(ExtensibilityGlobals) = postSolution
		SolutionGuid = {CF27EC04-D3D3-44B7-8F70-1C047896AA47}
	EndGlobalSection
EndGlobal
