
Microsoft Visual Studio Solution File, Format Version 12.00
# Visual Studio 15
VisualStudioVersion = 15.0.28010.2046
MinimumVisualStudioVersion = 10.0.40219.1
Project("{8BC9CEB8-8B4A-11D0-8D11-00A0C91BC942}") = "ex07_11", "ex07_11\ex07_11.vcxproj", "{5D3A2DBF-0CEA-4626-A5C6-00CBAA3570DD}"
EndProject
Global
	GlobalSection(SolutionConfigurationPlatforms) = preSolution
		Debug|x64 = Debug|x64
		Debug|x86 = Debug|x86
		Release|x64 = Release|x64
		Release|x86 = Release|x86
	EndGlobalSection
	GlobalSection(ProjectConfigurationPlatforms) = postSolution
		{5D3A2DBF-0CEA-4626-A5C6-00CBAA3570DD}.Debug|x64.ActiveCfg = Debug|x64
		{5D3A2DBF-0CEA-4626-A5C6-00CBAA3570DD}.Debug|x64.Build.0 = Debug|x64
		{5D3A2DBF-0CEA-4626-A5C6-00CBAA3570DD}.Debug|x86.ActiveCfg = Debug|Win32
		{5D3A2DBF-0CEA-4626-A5C6-00CBAA3570DD}.Debug|x86.Build.0 = Debug|Win32
		{5D3A2DBF-0CEA-4626-A5C6-00CBAA3570DD}.Release|x64.ActiveCfg = Release|x64
		{5D3A2DBF-0CEA-4626-A5C6-00CBAA3570DD}.Release|x64.Build.0 = Release|x64
		{5D3A2DBF-0CEA-4626-A5C6-00CBAA3570DD}.Release|x86.ActiveCfg = Release|Win32
		{5D3A2DBF-0CEA-4626-A5C6-00CBAA3570DD}.Release|x86.Build.0 = Release|Win32
	EndGlobalSection
	GlobalSection(SolutionProperties) = preSolution
		HideSolutionNode = FALSE
	EndGlobalSection
	GlobalSection(ExtensibilityGlobals) = postSolution
		SolutionGuid = {3965C1C7-AD41-4337-B592-C45A5C2FCA35}
	EndGlobalSection
EndGlobal
