
Microsoft Visual Studio Solution File, Format Version 12.00
# Visual Studio 15
VisualStudioVersion = 15.0.28010.2046
MinimumVisualStudioVersion = 10.0.40219.1
Project("{8BC9CEB8-8B4A-11D0-8D11-00A0C91BC942}") = "Ex04_15", "Ex04_15\Ex04_15.vcxproj", "{7D134D8E-DE3A-43BA-B903-A5268DADB4A1}"
EndProject
Global
	GlobalSection(SolutionConfigurationPlatforms) = preSolution
		Debug|x64 = Debug|x64
		Debug|x86 = Debug|x86
		Release|x64 = Release|x64
		Release|x86 = Release|x86
	EndGlobalSection
	GlobalSection(ProjectConfigurationPlatforms) = postSolution
		{7D134D8E-DE3A-43BA-B903-A5268DADB4A1}.Debug|x64.ActiveCfg = Debug|x64
		{7D134D8E-DE3A-43BA-B903-A5268DADB4A1}.Debug|x64.Build.0 = Debug|x64
		{7D134D8E-DE3A-43BA-B903-A5268DADB4A1}.Debug|x86.ActiveCfg = Debug|Win32
		{7D134D8E-DE3A-43BA-B903-A5268DADB4A1}.Debug|x86.Build.0 = Debug|Win32
		{7D134D8E-DE3A-43BA-B903-A5268DADB4A1}.Release|x64.ActiveCfg = Release|x64
		{7D134D8E-DE3A-43BA-B903-A5268DADB4A1}.Release|x64.Build.0 = Release|x64
		{7D134D8E-DE3A-43BA-B903-A5268DADB4A1}.Release|x86.ActiveCfg = Release|Win32
		{7D134D8E-DE3A-43BA-B903-A5268DADB4A1}.Release|x86.Build.0 = Release|Win32
	EndGlobalSection
	GlobalSection(SolutionProperties) = preSolution
		HideSolutionNode = FALSE
	EndGlobalSection
	GlobalSection(ExtensibilityGlobals) = postSolution
		SolutionGuid = {A0629477-A38B-4EDB-8B8A-52B5E451F687}
	EndGlobalSection
EndGlobal
