
Microsoft Visual Studio Solution File, Format Version 12.00
# Visual Studio 15
VisualStudioVersion = 15.0.28010.2046
MinimumVisualStudioVersion = 10.0.40219.1
Project("{8BC9CEB8-8B4A-11D0-8D11-00A0C91BC942}") = "ex10_14", "ex10_14\ex10_14.vcxproj", "{3E63DFE4-3B2D-4A2F-A408-4FC1E5857651}"
EndProject
Global
	GlobalSection(SolutionConfigurationPlatforms) = preSolution
		Debug|x64 = Debug|x64
		Debug|x86 = Debug|x86
		Release|x64 = Release|x64
		Release|x86 = Release|x86
	EndGlobalSection
	GlobalSection(ProjectConfigurationPlatforms) = postSolution
		{3E63DFE4-3B2D-4A2F-A408-4FC1E5857651}.Debug|x64.ActiveCfg = Debug|x64
		{3E63DFE4-3B2D-4A2F-A408-4FC1E5857651}.Debug|x64.Build.0 = Debug|x64
		{3E63DFE4-3B2D-4A2F-A408-4FC1E5857651}.Debug|x86.ActiveCfg = Debug|Win32
		{3E63DFE4-3B2D-4A2F-A408-4FC1E5857651}.Debug|x86.Build.0 = Debug|Win32
		{3E63DFE4-3B2D-4A2F-A408-4FC1E5857651}.Release|x64.ActiveCfg = Release|x64
		{3E63DFE4-3B2D-4A2F-A408-4FC1E5857651}.Release|x64.Build.0 = Release|x64
		{3E63DFE4-3B2D-4A2F-A408-4FC1E5857651}.Release|x86.ActiveCfg = Release|Win32
		{3E63DFE4-3B2D-4A2F-A408-4FC1E5857651}.Release|x86.Build.0 = Release|Win32
	EndGlobalSection
	GlobalSection(SolutionProperties) = preSolution
		HideSolutionNode = FALSE
	EndGlobalSection
	GlobalSection(ExtensibilityGlobals) = postSolution
		SolutionGuid = {801929A6-6DD0-4949-BFDC-64B748F38CAA}
	EndGlobalSection
EndGlobal
