
Microsoft Visual Studio Solution File, Format Version 12.00
# Visual Studio 15
VisualStudioVersion = 15.0.28010.2046
MinimumVisualStudioVersion = 10.0.40219.1
Project("{8BC9CEB8-8B4A-11D0-8D11-00A0C91BC942}") = "ex12_07", "ex12_07\ex12_07.vcxproj", "{47B9BAE3-B999-482D-8CE7-BDD88C231B7F}"
EndProject
Global
	GlobalSection(SolutionConfigurationPlatforms) = preSolution
		Debug|x64 = Debug|x64
		Debug|x86 = Debug|x86
		Release|x64 = Release|x64
		Release|x86 = Release|x86
	EndGlobalSection
	GlobalSection(ProjectConfigurationPlatforms) = postSolution
		{47B9BAE3-B999-482D-8CE7-BDD88C231B7F}.Debug|x64.ActiveCfg = Debug|x64
		{47B9BAE3-B999-482D-8CE7-BDD88C231B7F}.Debug|x64.Build.0 = Debug|x64
		{47B9BAE3-B999-482D-8CE7-BDD88C231B7F}.Debug|x86.ActiveCfg = Debug|Win32
		{47B9BAE3-B999-482D-8CE7-BDD88C231B7F}.Debug|x86.Build.0 = Debug|Win32
		{47B9BAE3-B999-482D-8CE7-BDD88C231B7F}.Release|x64.ActiveCfg = Release|x64
		{47B9BAE3-B999-482D-8CE7-BDD88C231B7F}.Release|x64.Build.0 = Release|x64
		{47B9BAE3-B999-482D-8CE7-BDD88C231B7F}.Release|x86.ActiveCfg = Release|Win32
		{47B9BAE3-B999-482D-8CE7-BDD88C231B7F}.Release|x86.Build.0 = Release|Win32
	EndGlobalSection
	GlobalSection(SolutionProperties) = preSolution
		HideSolutionNode = FALSE
	EndGlobalSection
	GlobalSection(ExtensibilityGlobals) = postSolution
		SolutionGuid = {04215FD5-B9FC-4F72-A48B-2DAC992FB3EE}
	EndGlobalSection
EndGlobal
