
Microsoft Visual Studio Solution File, Format Version 12.00
# Visual Studio 15
VisualStudioVersion = 15.0.28010.2046
MinimumVisualStudioVersion = 10.0.40219.1
Project("{8BC9CEB8-8B4A-11D0-8D11-00A0C91BC942}") = "ex10_09", "ex10_09\ex10_09.vcxproj", "{F74D2A2D-18B2-4401-AD60-2FB39134CCA2}"
EndProject
Global
	GlobalSection(SolutionConfigurationPlatforms) = preSolution
		Debug|x64 = Debug|x64
		Debug|x86 = Debug|x86
		Release|x64 = Release|x64
		Release|x86 = Release|x86
	EndGlobalSection
	GlobalSection(ProjectConfigurationPlatforms) = postSolution
		{F74D2A2D-18B2-4401-AD60-2FB39134CCA2}.Debug|x64.ActiveCfg = Debug|x64
		{F74D2A2D-18B2-4401-AD60-2FB39134CCA2}.Debug|x64.Build.0 = Debug|x64
		{F74D2A2D-18B2-4401-AD60-2FB39134CCA2}.Debug|x86.ActiveCfg = Debug|Win32
		{F74D2A2D-18B2-4401-AD60-2FB39134CCA2}.Debug|x86.Build.0 = Debug|Win32
		{F74D2A2D-18B2-4401-AD60-2FB39134CCA2}.Release|x64.ActiveCfg = Release|x64
		{F74D2A2D-18B2-4401-AD60-2FB39134CCA2}.Release|x64.Build.0 = Release|x64
		{F74D2A2D-18B2-4401-AD60-2FB39134CCA2}.Release|x86.ActiveCfg = Release|Win32
		{F74D2A2D-18B2-4401-AD60-2FB39134CCA2}.Release|x86.Build.0 = Release|Win32
	EndGlobalSection
	GlobalSection(SolutionProperties) = preSolution
		HideSolutionNode = FALSE
	EndGlobalSection
	GlobalSection(ExtensibilityGlobals) = postSolution
		SolutionGuid = {BADD8CC0-CBE9-460B-A7B2-908FC7C65806}
	EndGlobalSection
EndGlobal
