
Microsoft Visual Studio Solution File, Format Version 12.00
# Visual Studio 15
VisualStudioVersion = 15.0.28010.2046
MinimumVisualStudioVersion = 10.0.40219.1
Project("{8BC9CEB8-8B4A-11D0-8D11-00A0C91BC942}") = "ex06_06", "ex06_06\ex06_06.vcxproj", "{46A28718-B214-4AB6-BC7F-89E08BF352F7}"
EndProject
Global
	GlobalSection(SolutionConfigurationPlatforms) = preSolution
		Debug|x64 = Debug|x64
		Debug|x86 = Debug|x86
		Release|x64 = Release|x64
		Release|x86 = Release|x86
	EndGlobalSection
	GlobalSection(ProjectConfigurationPlatforms) = postSolution
		{46A28718-B214-4AB6-BC7F-89E08BF352F7}.Debug|x64.ActiveCfg = Debug|x64
		{46A28718-B214-4AB6-BC7F-89E08BF352F7}.Debug|x64.Build.0 = Debug|x64
		{46A28718-B214-4AB6-BC7F-89E08BF352F7}.Debug|x86.ActiveCfg = Debug|Win32
		{46A28718-B214-4AB6-BC7F-89E08BF352F7}.Debug|x86.Build.0 = Debug|Win32
		{46A28718-B214-4AB6-BC7F-89E08BF352F7}.Release|x64.ActiveCfg = Release|x64
		{46A28718-B214-4AB6-BC7F-89E08BF352F7}.Release|x64.Build.0 = Release|x64
		{46A28718-B214-4AB6-BC7F-89E08BF352F7}.Release|x86.ActiveCfg = Release|Win32
		{46A28718-B214-4AB6-BC7F-89E08BF352F7}.Release|x86.Build.0 = Release|Win32
	EndGlobalSection
	GlobalSection(SolutionProperties) = preSolution
		HideSolutionNode = FALSE
	EndGlobalSection
	GlobalSection(ExtensibilityGlobals) = postSolution
		SolutionGuid = {C38491B6-70EE-4F41-948C-1B0B3F28B2A7}
	EndGlobalSection
EndGlobal
