
Microsoft Visual Studio Solution File, Format Version 12.00
# Visual Studio 15
VisualStudioVersion = 15.0.28010.2046
MinimumVisualStudioVersion = 10.0.40219.1
Project("{8BC9CEB8-8B4A-11D0-8D11-00A0C91BC942}") = "ex10_05", "ex10_05\ex10_05.vcxproj", "{EE568EA1-99BC-437B-8117-64084E348086}"
EndProject
Global
	GlobalSection(SolutionConfigurationPlatforms) = preSolution
		Debug|x64 = Debug|x64
		Debug|x86 = Debug|x86
		Release|x64 = Release|x64
		Release|x86 = Release|x86
	EndGlobalSection
	GlobalSection(ProjectConfigurationPlatforms) = postSolution
		{EE568EA1-99BC-437B-8117-64084E348086}.Debug|x64.ActiveCfg = Debug|x64
		{EE568EA1-99BC-437B-8117-64084E348086}.Debug|x64.Build.0 = Debug|x64
		{EE568EA1-99BC-437B-8117-64084E348086}.Debug|x86.ActiveCfg = Debug|Win32
		{EE568EA1-99BC-437B-8117-64084E348086}.Debug|x86.Build.0 = Debug|Win32
		{EE568EA1-99BC-437B-8117-64084E348086}.Release|x64.ActiveCfg = Release|x64
		{EE568EA1-99BC-437B-8117-64084E348086}.Release|x64.Build.0 = Release|x64
		{EE568EA1-99BC-437B-8117-64084E348086}.Release|x86.ActiveCfg = Release|Win32
		{EE568EA1-99BC-437B-8117-64084E348086}.Release|x86.Build.0 = Release|Win32
	EndGlobalSection
	GlobalSection(SolutionProperties) = preSolution
		HideSolutionNode = FALSE
	EndGlobalSection
	GlobalSection(ExtensibilityGlobals) = postSolution
		SolutionGuid = {388D526A-C3E7-4242-B2DF-2A60F793593E}
	EndGlobalSection
EndGlobal
