
Microsoft Visual Studio Solution File, Format Version 12.00
# Visual Studio 15
VisualStudioVersion = 15.0.28010.2046
MinimumVisualStudioVersion = 10.0.40219.1
Project("{8BC9CEB8-8B4A-11D0-8D11-00A0C91BC942}") = "ex11_13", "ex11_13\ex11_13.vcxproj", "{453108D0-58E3-4725-BF69-2AC7922C90B3}"
EndProject
Global
	GlobalSection(SolutionConfigurationPlatforms) = preSolution
		Debug|x64 = Debug|x64
		Debug|x86 = Debug|x86
		Release|x64 = Release|x64
		Release|x86 = Release|x86
	EndGlobalSection
	GlobalSection(ProjectConfigurationPlatforms) = postSolution
		{453108D0-58E3-4725-BF69-2AC7922C90B3}.Debug|x64.ActiveCfg = Debug|x64
		{453108D0-58E3-4725-BF69-2AC7922C90B3}.Debug|x64.Build.0 = Debug|x64
		{453108D0-58E3-4725-BF69-2AC7922C90B3}.Debug|x86.ActiveCfg = Debug|Win32
		{453108D0-58E3-4725-BF69-2AC7922C90B3}.Debug|x86.Build.0 = Debug|Win32
		{453108D0-58E3-4725-BF69-2AC7922C90B3}.Release|x64.ActiveCfg = Release|x64
		{453108D0-58E3-4725-BF69-2AC7922C90B3}.Release|x64.Build.0 = Release|x64
		{453108D0-58E3-4725-BF69-2AC7922C90B3}.Release|x86.ActiveCfg = Release|Win32
		{453108D0-58E3-4725-BF69-2AC7922C90B3}.Release|x86.Build.0 = Release|Win32
	EndGlobalSection
	GlobalSection(SolutionProperties) = preSolution
		HideSolutionNode = FALSE
	EndGlobalSection
	GlobalSection(ExtensibilityGlobals) = postSolution
		SolutionGuid = {3041FBA9-A913-4FE9-817E-8FAE4CBF9D0C}
	EndGlobalSection
EndGlobal
