
Microsoft Visual Studio Solution File, Format Version 12.00
# Visual Studio 15
VisualStudioVersion = 15.0.28010.2046
MinimumVisualStudioVersion = 10.0.40219.1
Project("{8BC9CEB8-8B4A-11D0-8D11-00A0C91BC942}") = "Ex05_23", "Ex05_23\Ex05_23.vcxproj", "{F9F8D106-758F-427F-84EE-911D93EBF8D2}"
EndProject
Global
	GlobalSection(SolutionConfigurationPlatforms) = preSolution
		Debug|x64 = Debug|x64
		Debug|x86 = Debug|x86
		Release|x64 = Release|x64
		Release|x86 = Release|x86
	EndGlobalSection
	GlobalSection(ProjectConfigurationPlatforms) = postSolution
		{F9F8D106-758F-427F-84EE-911D93EBF8D2}.Debug|x64.ActiveCfg = Debug|x64
		{F9F8D106-758F-427F-84EE-911D93EBF8D2}.Debug|x64.Build.0 = Debug|x64
		{F9F8D106-758F-427F-84EE-911D93EBF8D2}.Debug|x86.ActiveCfg = Debug|Win32
		{F9F8D106-758F-427F-84EE-911D93EBF8D2}.Debug|x86.Build.0 = Debug|Win32
		{F9F8D106-758F-427F-84EE-911D93EBF8D2}.Release|x64.ActiveCfg = Release|x64
		{F9F8D106-758F-427F-84EE-911D93EBF8D2}.Release|x64.Build.0 = Release|x64
		{F9F8D106-758F-427F-84EE-911D93EBF8D2}.Release|x86.ActiveCfg = Release|Win32
		{F9F8D106-758F-427F-84EE-911D93EBF8D2}.Release|x86.Build.0 = Release|Win32
	EndGlobalSection
	GlobalSection(SolutionProperties) = preSolution
		HideSolutionNode = FALSE
	EndGlobalSection
	GlobalSection(ExtensibilityGlobals) = postSolution
		SolutionGuid = {59AC9445-930E-492E-BC2F-6CF1F642E3BB}
	EndGlobalSection
EndGlobal
