
Microsoft Visual Studio Solution File, Format Version 12.00
# Visual Studio 15
VisualStudioVersion = 15.0.28010.2046
MinimumVisualStudioVersion = 10.0.40219.1
Project("{8BC9CEB8-8B4A-11D0-8D11-00A0C91BC942}") = "ex06_10", "ex06_10\ex06_10.vcxproj", "{BC66A597-9F85-4E0F-BF88-0DCCBD8EF57A}"
EndProject
Global
	GlobalSection(SolutionConfigurationPlatforms) = preSolution
		Debug|x64 = Debug|x64
		Debug|x86 = Debug|x86
		Release|x64 = Release|x64
		Release|x86 = Release|x86
	EndGlobalSection
	GlobalSection(ProjectConfigurationPlatforms) = postSolution
		{BC66A597-9F85-4E0F-BF88-0DCCBD8EF57A}.Debug|x64.ActiveCfg = Debug|x64
		{BC66A597-9F85-4E0F-BF88-0DCCBD8EF57A}.Debug|x64.Build.0 = Debug|x64
		{BC66A597-9F85-4E0F-BF88-0DCCBD8EF57A}.Debug|x86.ActiveCfg = Debug|Win32
		{BC66A597-9F85-4E0F-BF88-0DCCBD8EF57A}.Debug|x86.Build.0 = Debug|Win32
		{BC66A597-9F85-4E0F-BF88-0DCCBD8EF57A}.Release|x64.ActiveCfg = Release|x64
		{BC66A597-9F85-4E0F-BF88-0DCCBD8EF57A}.Release|x64.Build.0 = Release|x64
		{BC66A597-9F85-4E0F-BF88-0DCCBD8EF57A}.Release|x86.ActiveCfg = Release|Win32
		{BC66A597-9F85-4E0F-BF88-0DCCBD8EF57A}.Release|x86.Build.0 = Release|Win32
	EndGlobalSection
	GlobalSection(SolutionProperties) = preSolution
		HideSolutionNode = FALSE
	EndGlobalSection
	GlobalSection(ExtensibilityGlobals) = postSolution
		SolutionGuid = {609DE4E8-C397-4449-8B90-F75DAEE13C6C}
	EndGlobalSection
EndGlobal
