
Microsoft Visual Studio Solution File, Format Version 12.00
# Visual Studio 15
VisualStudioVersion = 15.0.28010.2046
MinimumVisualStudioVersion = 10.0.40219.1
Project("{8BC9CEB8-8B4A-11D0-8D11-00A0C91BC942}") = "ex11_05", "ex11_05\ex11_05.vcxproj", "{60A343B4-00F6-470A-976E-DDBAAC342817}"
EndProject
Global
	GlobalSection(SolutionConfigurationPlatforms) = preSolution
		Debug|x64 = Debug|x64
		Debug|x86 = Debug|x86
		Release|x64 = Release|x64
		Release|x86 = Release|x86
	EndGlobalSection
	GlobalSection(ProjectConfigurationPlatforms) = postSolution
		{60A343B4-00F6-470A-976E-DDBAAC342817}.Debug|x64.ActiveCfg = Debug|x64
		{60A343B4-00F6-470A-976E-DDBAAC342817}.Debug|x64.Build.0 = Debug|x64
		{60A343B4-00F6-470A-976E-DDBAAC342817}.Debug|x86.ActiveCfg = Debug|Win32
		{60A343B4-00F6-470A-976E-DDBAAC342817}.Debug|x86.Build.0 = Debug|Win32
		{60A343B4-00F6-470A-976E-DDBAAC342817}.Release|x64.ActiveCfg = Release|x64
		{60A343B4-00F6-470A-976E-DDBAAC342817}.Release|x64.Build.0 = Release|x64
		{60A343B4-00F6-470A-976E-DDBAAC342817}.Release|x86.ActiveCfg = Release|Win32
		{60A343B4-00F6-470A-976E-DDBAAC342817}.Release|x86.Build.0 = Release|Win32
	EndGlobalSection
	GlobalSection(SolutionProperties) = preSolution
		HideSolutionNode = FALSE
	EndGlobalSection
	GlobalSection(ExtensibilityGlobals) = postSolution
		SolutionGuid = {FE60A8F3-04DF-48B8-B576-6B4B7B4AB3A2}
	EndGlobalSection
EndGlobal
